<?xml version="1.0" encoding="utf-8"?>
<Project ToolsVersion="4.0" xmlns="http://schemas.microsoft.com/developer/msbuild/2003">
  <ItemGroup>
    <Filter Include="Source Files">
      <UniqueIdentifier>{4FC737F1-C7A5-4376-A066-2A32D752A2FF}</UniqueIdentifier>
      <Extensions>cpp;c;cc;cxx;def;odl;idl;hpj;bat;asm;asmx</Extensions>
    </Filter>
    <Filter Include="Header Files">
      <UniqueIdentifier>{93995380-89BD-4b04-88EB-625FBE52EBFB}</UniqueIdentifier>
      <Extensions>h;hh;hpp;hxx;hm;inl;inc;ipp;xsd</Extensions>
    </Filter>
    <Filter Include="Resource Files">
      <UniqueIdentifier>{67DA6AB6-F800-4c08-8B7A-83BB121AAD01}</UniqueIdentifier>
      <Extensions>rc;ico;cur;bmp;dlg;rc2;rct;bin;rgs;gif;jpg;jpeg;jpe;resx;tiff;tif;png;wav;mfcribbon-ms</Extensions>
    </Filter>
    <Filter Include="InteractiveAPI">
      <UniqueIdentifier>{c3fd8bda-655c-416f-a702-0b5d79e761fb}</UniqueIdentifier>
    </Filter>
    <Filter Include="InteractiveAPI\interactivity">
      <UniqueIdentifier>{df1678fc-77e2-4132-95eb-033bc6ae3dca}</UniqueIdentifier>
    </Filter>
  </ItemGroup>
  <ItemGroup>
    <ClCompile Include="MixPlayKeyboard.cpp">
      <Filter>Source Files</Filter>
    </ClCompile>
    <ClCompile Include="InteractiveAPI\Auth.cpp">
      <Filter>InteractiveAPI</Filter>
    </ClCompile>
    <ClCompile Include="InteractiveAPI\Control.cpp">
      <Filter>InteractiveAPI</Filter>
    </ClCompile>
    <ClCompile Include="InteractiveAPI\Core.cpp">
      <Filter>InteractiveAPI</Filter>
    </ClCompile>
    <ClCompile Include="InteractiveAPI\Participant.cpp">
      <Filter>InteractiveAPI</Filter>
    </ClCompile>
    <ClCompile Include="InteractiveAPI\Scene.cpp">
      <Filter>InteractiveAPI</Filter>
    </ClCompile>
    <ClCompile Include="InteractiveAPI\interactivity\interactivity.cpp">
      <Filter>InteractiveAPI\interactivity</Filter>
    </ClCompile>
  </ItemGroup>
  <ItemGroup>
    <ClInclude Include="Secret.h">
      <Filter>Source Files</Filter>
    </ClInclude>
    <ClInclude Include="ClientIds.h">
      <Filter>Source Files</Filter>
    </ClInclude>
    <ClInclude Include="InteractiveAPI\Auth.h">
      <Filter>InteractiveAPI</Filter>
    </ClInclude>
    <ClInclude Include="InteractiveAPI\Control.h">
      <Filter>InteractiveAPI</Filter>
    </ClInclude>
    <ClInclude Include="InteractiveAPI\Core.h">
      <Filter>InteractiveAPI</Filter>
    </ClInclude>
    <ClInclude Include="InteractiveAPI\Participant.h">
      <Filter>InteractiveAPI</Filter>
    </ClInclude>
    <ClInclude Include="InteractiveAPI\Scene.h">
      <Filter>InteractiveAPI</Filter>
    </ClInclude>
    <ClInclude Include="InteractiveAPI\interactivity\interactivity.h">
      <Filter>InteractiveAPI\interactivity</Filter>
    </ClInclude>
  </ItemGroup>
</Project>